// !$*UTF8*$!
{
	archiveVersion = 1;
	classes = {
	};
	objectVersion = 46;
	objects = {

/* Begin PBXBuildFile section */
		22ACA11E1D674162003BB2AE /* StringExtension.swift in Sources */ = {isa = PBXBuildFile; fileRef = 22ACA11D1D674162003BB2AE /* StringExtension.swift */; };
		22ACA11F1D674162003BB2AE /* StringExtension.swift in Sources */ = {isa = PBXBuildFile; fileRef = 22ACA11D1D674162003BB2AE /* StringExtension.swift */; };
		22AF6CC81D63601000616327 /* Constants.swift in Sources */ = {isa = PBXBuildFile; fileRef = 22AF6CC71D63601000616327 /* Constants.swift */; };
		22AF6CD21D63622600616327 /* ChannelVC.swift in Sources */ = {isa = PBXBuildFile; fileRef = 22AF6CCE1D63622600616327 /* ChannelVC.swift */; };
		22AF6CD31D63622600616327 /* HomeVC.swift in Sources */ = {isa = PBXBuildFile; fileRef = 22AF6CCF1D63622600616327 /* HomeVC.swift */; };
		22AF6CD41D63622600616327 /* OverlayView.swift in Sources */ = {isa = PBXBuildFile; fileRef = 22AF6CD11D63622600616327 /* OverlayView.swift */; };
		22AF6CD91D63625000616327 /* FirebaseManager.swift in Sources */ = {isa = PBXBuildFile; fileRef = 22AF6CD81D63625000616327 /* FirebaseManager.swift */; };
		22AF6CDE1D6368A900616327 /* CommonConstants.swift in Sources */ = {isa = PBXBuildFile; fileRef = 22AF6CDD1D6368A900616327 /* CommonConstants.swift */; };
		22AF6CDF1D6368A900616327 /* CommonConstants.swift in Sources */ = {isa = PBXBuildFile; fileRef = 22AF6CDD1D6368A900616327 /* CommonConstants.swift */; };
		22AF6D6D1D64B84F00616327 /* QuestionText.swift in Sources */ = {isa = PBXBuildFile; fileRef = 22AF6D6C1D64B84F00616327 /* QuestionText.swift */; };
		22AF6D6E1D64B84F00616327 /* QuestionText.swift in Sources */ = {isa = PBXBuildFile; fileRef = 22AF6D6C1D64B84F00616327 /* QuestionText.swift */; };
		DB7F7BD820C6114E3D66BF8B /* Pods_FirebaseAdsPublisher.framework in Frameworks */ = {isa = PBXBuildFile; fileRef = BF08F20C7FD79DA974A57A6A /* Pods_FirebaseAdsPublisher.framework */; };
		E935DC181D62496300A755ED /* MBProgressHUD.m in Sources */ = {isa = PBXBuildFile; fileRef = E935DC171D62496300A755ED /* MBProgressHUD.m */; };
		E935DC1A1D624A9C00A755ED /* MBProgressHUD.m in Sources */ = {isa = PBXBuildFile; fileRef = E935DC171D62496300A755ED /* MBProgressHUD.m */; };
		E935DC381D624D1400A755ED /* AddQuestionVC.swift in Sources */ = {isa = PBXBuildFile; fileRef = E935DC341D624D1400A755ED /* AddQuestionVC.swift */; };
		E935DC391D624D1400A755ED /* HomeVC.swift in Sources */ = {isa = PBXBuildFile; fileRef = E935DC351D624D1400A755ED /* HomeVC.swift */; };
		E935DC3A1D624D1400A755ED /* OnlineUsersVC.swift in Sources */ = {isa = PBXBuildFile; fileRef = E935DC361D624D1400A755ED /* OnlineUsersVC.swift */; };
		E935DC3B1D624D1400A755ED /* ResultsVC.swift in Sources */ = {isa = PBXBuildFile; fileRef = E935DC371D624D1400A755ED /* ResultsVC.swift */; };
		E935DC421D624D9B00A755ED /* Constants.swift in Sources */ = {isa = PBXBuildFile; fileRef = E935DC3D1D624D9B00A755ED /* Constants.swift */; };
		E935DC431D624D9B00A755ED /* ChannelCell.swift in Sources */ = {isa = PBXBuildFile; fileRef = E935DC401D624D9B00A755ED /* ChannelCell.swift */; };
		E935DC441D624D9B00A755ED /* TextfieldCell.swift in Sources */ = {isa = PBXBuildFile; fileRef = E935DC411D624D9B00A755ED /* TextfieldCell.swift */; };
		E935DC491D624F1200A755ED /* FirebaseManager.swift in Sources */ = {isa = PBXBuildFile; fileRef = E935DC481D624F1200A755ED /* FirebaseManager.swift */; };
		E935DC4C1D625A6800A755ED /* ViewControllerExtension.swift in Sources */ = {isa = PBXBuildFile; fileRef = E935DC4B1D625A6800A755ED /* ViewControllerExtension.swift */; };
		E9B2A6411D621A89006C533A /* AppDelegate.swift in Sources */ = {isa = PBXBuildFile; fileRef = E9B2A6401D621A89006C533A /* AppDelegate.swift */; };
		E9B2A6461D621A89006C533A /* Main.storyboard in Resources */ = {isa = PBXBuildFile; fileRef = E9B2A6441D621A89006C533A /* Main.storyboard */; };
		E9B2A6481D621A89006C533A /* Assets.xcassets in Resources */ = {isa = PBXBuildFile; fileRef = E9B2A6471D621A89006C533A /* Assets.xcassets */; };
		E9B2A64B1D621A89006C533A /* LaunchScreen.storyboard in Resources */ = {isa = PBXBuildFile; fileRef = E9B2A6491D621A89006C533A /* LaunchScreen.storyboard */; };
		E9B2A6571D621AAE006C533A /* AppDelegate.swift in Sources */ = {isa = PBXBuildFile; fileRef = E9B2A6561D621AAE006C533A /* AppDelegate.swift */; };
		E9B2A65C1D621AAE006C533A /* Main.storyboard in Resources */ = {isa = PBXBuildFile; fileRef = E9B2A65A1D621AAE006C533A /* Main.storyboard */; };
		E9B2A65E1D621AAE006C533A /* Assets.xcassets in Resources */ = {isa = PBXBuildFile; fileRef = E9B2A65D1D621AAE006C533A /* Assets.xcassets */; };
		E9B2A6611D621AAE006C533A /* LaunchScreen.storyboard in Resources */ = {isa = PBXBuildFile; fileRef = E9B2A65F1D621AAE006C533A /* LaunchScreen.storyboard */; };
		F9E82CC4547B458B11A2C4E4 /* Pods_FirebaseAdsSubscriber.framework in Frameworks */ = {isa = PBXBuildFile; fileRef = CB483BC56C1652F12B8A5A8F /* Pods_FirebaseAdsSubscriber.framework */; };
/* End PBXBuildFile section */

/* Begin PBXFileReference section */
		22ACA11D1D674162003BB2AE /* StringExtension.swift */ = {isa = PBXFileReference; fileEncoding = 4; lastKnownFileType = sourcecode.swift; path = StringExtension.swift; sourceTree = "<group>"; };
		22AF6CC71D63601000616327 /* Constants.swift */ = {isa = PBXFileReference; fileEncoding = 4; lastKnownFileType = sourcecode.swift; path = Constants.swift; sourceTree = "<group>"; };
		22AF6CCE1D63622600616327 /* ChannelVC.swift */ = {isa = PBXFileReference; fileEncoding = 4; lastKnownFileType = sourcecode.swift; path = ChannelVC.swift; sourceTree = "<group>"; };
		22AF6CCF1D63622600616327 /* HomeVC.swift */ = {isa = PBXFileReference; fileEncoding = 4; lastKnownFileType = sourcecode.swift; path = HomeVC.swift; sourceTree = "<group>"; };
		22AF6CD11D63622600616327 /* OverlayView.swift */ = {isa = PBXFileReference; fileEncoding = 4; lastKnownFileType = sourcecode.swift; path = OverlayView.swift; sourceTree = "<group>"; };
		22AF6CD81D63625000616327 /* FirebaseManager.swift */ = {isa = PBXFileReference; fileEncoding = 4; lastKnownFileType = sourcecode.swift; path = FirebaseManager.swift; sourceTree = "<group>"; };
		22AF6CDD1D6368A900616327 /* CommonConstants.swift */ = {isa = PBXFileReference; fileEncoding = 4; lastKnownFileType = sourcecode.swift; path = CommonConstants.swift; sourceTree = "<group>"; };
		22AF6D6C1D64B84F00616327 /* QuestionText.swift */ = {isa = PBXFileReference; fileEncoding = 4; lastKnownFileType = sourcecode.swift; path = QuestionText.swift; sourceTree = "<group>"; };
		461036EBF6CDC5C1A557AAEB /* Pods-FirebaseAdsPublisher.debug.xcconfig */ = {isa = PBXFileReference; includeInIndex = 1; lastKnownFileType = text.xcconfig; name = "Pods-FirebaseAdsPublisher.debug.xcconfig"; path = "Pods/Target Support Files/Pods-FirebaseAdsPublisher/Pods-FirebaseAdsPublisher.debug.xcconfig"; sourceTree = "<group>"; };
		93518EFE6B6D1DAB0E59A8DE /* Pods-FirebaseAdsSubscriber.release.xcconfig */ = {isa = PBXFileReference; includeInIndex = 1; lastKnownFileType = text.xcconfig; name = "Pods-FirebaseAdsSubscriber.release.xcconfig"; path = "Pods/Target Support Files/Pods-FirebaseAdsSubscriber/Pods-FirebaseAdsSubscriber.release.xcconfig"; sourceTree = "<group>"; };
		977BD12A17F686F2296ACE1E /* Pods-FirebaseAdsSubscriber.debug.xcconfig */ = {isa = PBXFileReference; includeInIndex = 1; lastKnownFileType = text.xcconfig; name = "Pods-FirebaseAdsSubscriber.debug.xcconfig"; path = "Pods/Target Support Files/Pods-FirebaseAdsSubscriber/Pods-FirebaseAdsSubscriber.debug.xcconfig"; sourceTree = "<group>"; };
		BF08F20C7FD79DA974A57A6A /* Pods_FirebaseAdsPublisher.framework */ = {isa = PBXFileReference; explicitFileType = wrapper.framework; includeInIndex = 0; path = Pods_FirebaseAdsPublisher.framework; sourceTree = BUILT_PRODUCTS_DIR; };
		CB483BC56C1652F12B8A5A8F /* Pods_FirebaseAdsSubscriber.framework */ = {isa = PBXFileReference; explicitFileType = wrapper.framework; includeInIndex = 0; path = Pods_FirebaseAdsSubscriber.framework; sourceTree = BUILT_PRODUCTS_DIR; };
		E935DC161D62496300A755ED /* MBProgressHUD.h */ = {isa = PBXFileReference; fileEncoding = 4; lastKnownFileType = sourcecode.c.h; path = MBProgressHUD.h; sourceTree = "<group>"; };
		E935DC171D62496300A755ED /* MBProgressHUD.m */ = {isa = PBXFileReference; fileEncoding = 4; lastKnownFileType = sourcecode.c.objc; path = MBProgressHUD.m; sourceTree = "<group>"; };
		E935DC191D624A0600A755ED /* FirebasePubSub-Bridging.pch */ = {isa = PBXFileReference; fileEncoding = 4; lastKnownFileType = sourcecode.c.h; path = "FirebasePubSub-Bridging.pch"; sourceTree = "<group>"; };
		E935DC341D624D1400A755ED /* AddQuestionVC.swift */ = {isa = PBXFileReference; fileEncoding = 4; lastKnownFileType = sourcecode.swift; path = AddQuestionVC.swift; sourceTree = "<group>"; };
		E935DC351D624D1400A755ED /* HomeVC.swift */ = {isa = PBXFileReference; fileEncoding = 4; lastKnownFileType = sourcecode.swift; path = HomeVC.swift; sourceTree = "<group>"; };
		E935DC361D624D1400A755ED /* OnlineUsersVC.swift */ = {isa = PBXFileReference; fileEncoding = 4; lastKnownFileType = sourcecode.swift; path = OnlineUsersVC.swift; sourceTree = "<group>"; };
		E935DC371D624D1400A755ED /* ResultsVC.swift */ = {isa = PBXFileReference; fileEncoding = 4; lastKnownFileType = sourcecode.swift; path = ResultsVC.swift; sourceTree = "<group>"; };
		E935DC3D1D624D9B00A755ED /* Constants.swift */ = {isa = PBXFileReference; fileEncoding = 4; lastKnownFileType = sourcecode.swift; path = Constants.swift; sourceTree = "<group>"; };
		E935DC401D624D9B00A755ED /* ChannelCell.swift */ = {isa = PBXFileReference; fileEncoding = 4; lastKnownFileType = sourcecode.swift; path = ChannelCell.swift; sourceTree = "<group>"; };
		E935DC411D624D9B00A755ED /* TextfieldCell.swift */ = {isa = PBXFileReference; fileEncoding = 4; lastKnownFileType = sourcecode.swift; path = TextfieldCell.swift; sourceTree = "<group>"; };
		E935DC481D624F1200A755ED /* FirebaseManager.swift */ = {isa = PBXFileReference; fileEncoding = 4; lastKnownFileType = sourcecode.swift; path = FirebaseManager.swift; sourceTree = "<group>"; };
		E935DC4B1D625A6800A755ED /* ViewControllerExtension.swift */ = {isa = PBXFileReference; fileEncoding = 4; lastKnownFileType = sourcecode.swift; path = ViewControllerExtension.swift; sourceTree = "<group>"; };
		E9B2A63E1D621A89006C533A /* Publisher.app */ = {isa = PBXFileReference; explicitFileType = wrapper.application; includeInIndex = 0; path = Publisher.app; sourceTree = BUILT_PRODUCTS_DIR; };
		E9B2A6401D621A89006C533A /* AppDelegate.swift */ = {isa = PBXFileReference; lastKnownFileType = sourcecode.swift; path = AppDelegate.swift; sourceTree = "<group>"; };
		E9B2A6451D621A89006C533A /* Base */ = {isa = PBXFileReference; lastKnownFileType = file.storyboard; name = Base; path = Base.lproj/Main.storyboard; sourceTree = "<group>"; };
		E9B2A6471D621A89006C533A /* Assets.xcassets */ = {isa = PBXFileReference; lastKnownFileType = folder.assetcatalog; path = Assets.xcassets; sourceTree = "<group>"; };
		E9B2A64A1D621A89006C533A /* Base */ = {isa = PBXFileReference; lastKnownFileType = file.storyboard; name = Base; path = Base.lproj/LaunchScreen.storyboard; sourceTree = "<group>"; };
		E9B2A64C1D621A89006C533A /* Info.plist */ = {isa = PBXFileReference; lastKnownFileType = text.plist.xml; path = Info.plist; sourceTree = "<group>"; };
		E9B2A6541D621AAE006C533A /* Subscriber.app */ = {isa = PBXFileReference; explicitFileType = wrapper.application; includeInIndex = 0; path = Subscriber.app; sourceTree = BUILT_PRODUCTS_DIR; };
		E9B2A6561D621AAE006C533A /* AppDelegate.swift */ = {isa = PBXFileReference; lastKnownFileType = sourcecode.swift; path = AppDelegate.swift; sourceTree = "<group>"; };
		E9B2A65B1D621AAE006C533A /* Base */ = {isa = PBXFileReference; lastKnownFileType = file.storyboard; name = Base; path = Base.lproj/Main.storyboard; sourceTree = "<group>"; };
		E9B2A65D1D621AAE006C533A /* Assets.xcassets */ = {isa = PBXFileReference; lastKnownFileType = folder.assetcatalog; path = Assets.xcassets; sourceTree = "<group>"; };
		E9B2A6601D621AAE006C533A /* Base */ = {isa = PBXFileReference; lastKnownFileType = file.storyboard; name = Base; path = Base.lproj/LaunchScreen.storyboard; sourceTree = "<group>"; };
		E9B2A6621D621AAE006C533A /* Info.plist */ = {isa = PBXFileReference; lastKnownFileType = text.plist.xml; path = Info.plist; sourceTree = "<group>"; };
		FFDD100F09B4AD51850A4612 /* Pods-FirebaseAdsPublisher.release.xcconfig */ = {isa = PBXFileReference; includeInIndex = 1; lastKnownFileType = text.xcconfig; name = "Pods-FirebaseAdsPublisher.release.xcconfig"; path = "Pods/Target Support Files/Pods-FirebaseAdsPublisher/Pods-FirebaseAdsPublisher.release.xcconfig"; sourceTree = "<group>"; };
/* End PBXFileReference section */

/* Begin PBXFrameworksBuildPhase section */
		E9B2A63B1D621A89006C533A /* Frameworks */ = {
			isa = PBXFrameworksBuildPhase;
			buildActionMask = 2147483647;
			files = (
				DB7F7BD820C6114E3D66BF8B /* Pods_FirebaseAdsPublisher.framework in Frameworks */,
			);
			runOnlyForDeploymentPostprocessing = 0;
		};
		E9B2A6511D621AAE006C533A /* Frameworks */ = {
			isa = PBXFrameworksBuildPhase;
			buildActionMask = 2147483647;
			files = (
				F9E82CC4547B458B11A2C4E4 /* Pods_FirebaseAdsSubscriber.framework in Frameworks */,
			);
			runOnlyForDeploymentPostprocessing = 0;
		};
/* End PBXFrameworksBuildPhase section */

/* Begin PBXGroup section */
		22AF6CC41D62EF1300616327 /* Miscellaneous */ = {
			isa = PBXGroup;
			children = (
				22AF6CC71D63601000616327 /* Constants.swift */,
			);
			path = Miscellaneous;
			sourceTree = "<group>";
		};
		22AF6CCD1D63622600616327 /* ViewControllers */ = {
			isa = PBXGroup;
			children = (
				22AF6CCE1D63622600616327 /* ChannelVC.swift */,
				22AF6CCF1D63622600616327 /* HomeVC.swift */,
			);
			path = ViewControllers;
			sourceTree = "<group>";
		};
		22AF6CD01D63622600616327 /* Views */ = {
			isa = PBXGroup;
			children = (
				22AF6CD11D63622600616327 /* OverlayView.swift */,
			);
			path = Views;
			sourceTree = "<group>";
		};
		22AF6CD51D63623E00616327 /* Managers */ = {
			isa = PBXGroup;
			children = (
				22AF6CD81D63625000616327 /* FirebaseManager.swift */,
			);
			path = Managers;
			sourceTree = "<group>";
		};
		5504E3A622C0DCA3823DD738 /* Frameworks */ = {
			isa = PBXGroup;
			children = (
				BF08F20C7FD79DA974A57A6A /* Pods_FirebaseAdsPublisher.framework */,
				CB483BC56C1652F12B8A5A8F /* Pods_FirebaseAdsSubscriber.framework */,
			);
			name = Frameworks;
			sourceTree = "<group>";
		};
		89C16E5C454E1C4E3EAE5EFA /* Pods */ = {
			isa = PBXGroup;
			children = (
				461036EBF6CDC5C1A557AAEB /* Pods-FirebaseAdsPublisher.debug.xcconfig */,
				FFDD100F09B4AD51850A4612 /* Pods-FirebaseAdsPublisher.release.xcconfig */,
				977BD12A17F686F2296ACE1E /* Pods-FirebaseAdsSubscriber.debug.xcconfig */,
				93518EFE6B6D1DAB0E59A8DE /* Pods-FirebaseAdsSubscriber.release.xcconfig */,
			);
			name = Pods;
			sourceTree = "<group>";
		};
		E935DC131D62496300A755ED /* Common */ = {
			isa = PBXGroup;
			children = (
				E935DC4A1D625A6800A755ED /* Extension */,
				E935DC141D62496300A755ED /* ThirdParty */,
				E935DC191D624A0600A755ED /* FirebasePubSub-Bridging.pch */,
				22AF6CDD1D6368A900616327 /* CommonConstants.swift */,
				22AF6D6C1D64B84F00616327 /* QuestionText.swift */,
			);
			path = Common;
			sourceTree = "<group>";
		};
		E935DC141D62496300A755ED /* ThirdParty */ = {
			isa = PBXGroup;
			children = (
				E935DC151D62496300A755ED /* MBProgressHUD */,
			);
			path = ThirdParty;
			sourceTree = "<group>";
		};
		E935DC151D62496300A755ED /* MBProgressHUD */ = {
			isa = PBXGroup;
			children = (
				E935DC161D62496300A755ED /* MBProgressHUD.h */,
				E935DC171D62496300A755ED /* MBProgressHUD.m */,
			);
			path = MBProgressHUD;
			sourceTree = "<group>";
		};
		E935DC331D624D1400A755ED /* ViewControllers */ = {
			isa = PBXGroup;
			children = (
				E935DC341D624D1400A755ED /* AddQuestionVC.swift */,
				E935DC351D624D1400A755ED /* HomeVC.swift */,
				E935DC361D624D1400A755ED /* OnlineUsersVC.swift */,
				E935DC371D624D1400A755ED /* ResultsVC.swift */,
			);
			path = ViewControllers;
			sourceTree = "<group>";
		};
		E935DC3C1D624D9B00A755ED /* Miscellaneous */ = {
			isa = PBXGroup;
			children = (
				E935DC3D1D624D9B00A755ED /* Constants.swift */,
			);
			path = Miscellaneous;
			sourceTree = "<group>";
		};
		E935DC3E1D624D9B00A755ED /* Views */ = {
			isa = PBXGroup;
			children = (
				E935DC3F1D624D9B00A755ED /* Cells */,
			);
			path = Views;
			sourceTree = "<group>";
		};
		E935DC3F1D624D9B00A755ED /* Cells */ = {
			isa = PBXGroup;
			children = (
				E935DC401D624D9B00A755ED /* ChannelCell.swift */,
				E935DC411D624D9B00A755ED /* TextfieldCell.swift */,
			);
			path = Cells;
			sourceTree = "<group>";
		};
		E935DC451D624EFD00A755ED /* Managers */ = {
			isa = PBXGroup;
			children = (
				E935DC481D624F1200A755ED /* FirebaseManager.swift */,
			);
			path = Managers;
			sourceTree = "<group>";
		};
		E935DC4A1D625A6800A755ED /* Extension */ = {
			isa = PBXGroup;
			children = (
				E935DC4B1D625A6800A755ED /* ViewControllerExtension.swift */,
				22ACA11D1D674162003BB2AE /* StringExtension.swift */,
			);
			path = Extension;
			sourceTree = "<group>";
		};
		E9B2A61C1D621A3C006C533A = {
			isa = PBXGroup;
			children = (
				E935DC131D62496300A755ED /* Common */,
				E9B2A63F1D621A89006C533A /* FirebaseAdsPublisher */,
				E9B2A6551D621AAE006C533A /* FirebaseAdsSubscriber */,
				E9B2A6261D621A3C006C533A /* Products */,
				89C16E5C454E1C4E3EAE5EFA /* Pods */,
				5504E3A622C0DCA3823DD738 /* Frameworks */,
			);
			sourceTree = "<group>";
		};
		E9B2A6261D621A3C006C533A /* Products */ = {
			isa = PBXGroup;
			children = (
				E9B2A63E1D621A89006C533A /* Publisher.app */,
				E9B2A6541D621AAE006C533A /* Subscriber.app */,
			);
			name = Products;
			sourceTree = "<group>";
		};
		E9B2A63F1D621A89006C533A /* FirebaseAdsPublisher */ = {
			isa = PBXGroup;
			children = (
				E935DC451D624EFD00A755ED /* Managers */,
				E935DC3C1D624D9B00A755ED /* Miscellaneous */,
				E935DC3E1D624D9B00A755ED /* Views */,
				E935DC331D624D1400A755ED /* ViewControllers */,
				E9B2A6401D621A89006C533A /* AppDelegate.swift */,
				E9B2A6441D621A89006C533A /* Main.storyboard */,
				E9B2A6471D621A89006C533A /* Assets.xcassets */,
				E9B2A6491D621A89006C533A /* LaunchScreen.storyboard */,
				E9B2A64C1D621A89006C533A /* Info.plist */,
			);
			path = FirebaseAdsPublisher;
			sourceTree = "<group>";
		};
		E9B2A6551D621AAE006C533A /* FirebaseAdsSubscriber */ = {
			isa = PBXGroup;
			children = (
				22AF6CD51D63623E00616327 /* Managers */,
				22AF6CCD1D63622600616327 /* ViewControllers */,
				22AF6CD01D63622600616327 /* Views */,
				22AF6CC41D62EF1300616327 /* Miscellaneous */,
				E9B2A6561D621AAE006C533A /* AppDelegate.swift */,
				E9B2A65A1D621AAE006C533A /* Main.storyboard */,
				E9B2A65D1D621AAE006C533A /* Assets.xcassets */,
				E9B2A65F1D621AAE006C533A /* LaunchScreen.storyboard */,
				E9B2A6621D621AAE006C533A /* Info.plist */,
			);
			path = FirebaseAdsSubscriber;
			sourceTree = "<group>";
		};
/* End PBXGroup section */

/* Begin PBXNativeTarget section */
		E9B2A63D1D621A89006C533A /* FirebaseAdsPublisher */ = {
			isa = PBXNativeTarget;
			buildConfigurationList = E9B2A64D1D621A89006C533A /* Build configuration list for PBXNativeTarget "FirebaseAdsPublisher" */;
			buildPhases = (
				228D423AF4F74E9E46116EF2 /* [CP] Check Pods Manifest.lock */,
				E9B2A63A1D621A89006C533A /* Sources */,
				E9B2A63B1D621A89006C533A /* Frameworks */,
				E9B2A63C1D621A89006C533A /* Resources */,
				CA8219B6208C069737EF3EE4 /* [CP] Embed Pods Frameworks */,
				42E400F05CC9922D20FBBAB9 /* [CP] Copy Pods Resources */,
			);
			buildRules = (
			);
			dependencies = (
			);
			name = FirebaseAdsPublisher;
			productName = FirebaseAdsPublisher;
			productReference = E9B2A63E1D621A89006C533A /* Publisher.app */;
			productType = "com.apple.product-type.application";
		};
		E9B2A6531D621AAE006C533A /* FirebaseAdsSubscriber */ = {
			isa = PBXNativeTarget;
			buildConfigurationList = E9B2A6631D621AAE006C533A /* Build configuration list for PBXNativeTarget "FirebaseAdsSubscriber" */;
			buildPhases = (
				E0347723CFFA88FC7CB5A4DA /* [CP] Check Pods Manifest.lock */,
				E9B2A6501D621AAE006C533A /* Sources */,
				E9B2A6511D621AAE006C533A /* Frameworks */,
				E9B2A6521D621AAE006C533A /* Resources */,
				F4197936A9D4B2468D1FB742 /* [CP] Embed Pods Frameworks */,
				2E5806958828D4BF9F3BF07F /* [CP] Copy Pods Resources */,
			);
			buildRules = (
			);
			dependencies = (
			);
			name = FirebaseAdsSubscriber;
			productName = FirebaseAdsSubscriber;
			productReference = E9B2A6541D621AAE006C533A /* Subscriber.app */;
			productType = "com.apple.product-type.application";
		};
/* End PBXNativeTarget section */

/* Begin PBXProject section */
		E9B2A61D1D621A3C006C533A /* Project object */ = {
			isa = PBXProject;
			attributes = {
				LastSwiftUpdateCheck = 0730;
				LastUpgradeCheck = 0730;
				ORGANIZATIONNAME = "Prasad Pai";
				TargetAttributes = {
					E9B2A63D1D621A89006C533A = {
						CreatedOnToolsVersion = 7.3;
					};
					E9B2A6531D621AAE006C533A = {
						CreatedOnToolsVersion = 7.3;
					};
				};
			};
			buildConfigurationList = E9B2A6201D621A3C006C533A /* Build configuration list for PBXProject "FirebasePubSub" */;
			compatibilityVersion = "Xcode 3.2";
			developmentRegion = English;
			hasScannedForEncodings = 0;
			knownRegions = (
				en,
				Base,
			);
			mainGroup = E9B2A61C1D621A3C006C533A;
			productRefGroup = E9B2A6261D621A3C006C533A /* Products */;
			projectDirPath = "";
			projectRoot = "";
			targets = (
				E9B2A63D1D621A89006C533A /* FirebaseAdsPublisher */,
				E9B2A6531D621AAE006C533A /* FirebaseAdsSubscriber */,
			);
		};
/* End PBXProject section */

/* Begin PBXResourcesBuildPhase section */
		E9B2A63C1D621A89006C533A /* Resources */ = {
			isa = PBXResourcesBuildPhase;
			buildActionMask = 2147483647;
			files = (
				E9B2A64B1D621A89006C533A /* LaunchScreen.storyboard in Resources */,
				E9B2A6481D621A89006C533A /* Assets.xcassets in Resources */,
				E9B2A6461D621A89006C533A /* Main.storyboard in Resources */,
			);
			runOnlyForDeploymentPostprocessing = 0;
		};
		E9B2A6521D621AAE006C533A /* Resources */ = {
			isa = PBXResourcesBuildPhase;
			buildActionMask = 2147483647;
			files = (
				E9B2A6611D621AAE006C533A /* LaunchScreen.storyboard in Resources */,
				E9B2A65E1D621AAE006C533A /* Assets.xcassets in Resources */,
				E9B2A65C1D621AAE006C533A /* Main.storyboard in Resources */,
			);
			runOnlyForDeploymentPostprocessing = 0;
		};
/* End PBXResourcesBuildPhase section */

/* Begin PBXShellScriptBuildPhase section */
		228D423AF4F74E9E46116EF2 /* [CP] Check Pods Manifest.lock */ = {
			isa = PBXShellScriptBuildPhase;
			buildActionMask = 2147483647;
			files = (
			);
			inputPaths = (
			);
			name = "[CP] Check Pods Manifest.lock";
			outputPaths = (
			);
			runOnlyForDeploymentPostprocessing = 0;
			shellPath = /bin/sh;
			shellScript = "diff \"${PODS_ROOT}/../Podfile.lock\" \"${PODS_ROOT}/Manifest.lock\" > /dev/null\nif [[ $? != 0 ]] ; then\n    cat << EOM\nerror: The sandbox is not in sync with the Podfile.lock. Run 'pod install' or update your CocoaPods installation.\nEOM\n    exit 1\nfi\n";
			showEnvVarsInLog = 0;
		};
		2E5806958828D4BF9F3BF07F /* [CP] Copy Pods Resources */ = {
			isa = PBXShellScriptBuildPhase;
			buildActionMask = 2147483647;
			files = (
			);
			inputPaths = (
			);
			name = "[CP] Copy Pods Resources";
			outputPaths = (
			);
			runOnlyForDeploymentPostprocessing = 0;
			shellPath = /bin/sh;
			shellScript = "\"${SRCROOT}/Pods/Target Support Files/Pods-FirebaseAdsSubscriber/Pods-FirebaseAdsSubscriber-resources.sh\"\n";
			showEnvVarsInLog = 0;
		};
		42E400F05CC9922D20FBBAB9 /* [CP] Copy Pods Resources */ = {
			isa = PBXShellScriptBuildPhase;
			buildActionMask = 2147483647;
			files = (
			);
			inputPaths = (
			);
			name = "[CP] Copy Pods Resources";
			outputPaths = (
			);
			runOnlyForDeploymentPostprocessing = 0;
			shellPath = /bin/sh;
			shellScript = "\"${SRCROOT}/Pods/Target Support Files/Pods-FirebaseAdsPublisher/Pods-FirebaseAdsPublisher-resources.sh\"\n";
			showEnvVarsInLog = 0;
		};
		CA8219B6208C069737EF3EE4 /* [CP] Embed Pods Frameworks */ = {
			isa = PBXShellScriptBuildPhase;
			buildActionMask = 2147483647;
			files = (
			);
			inputPaths = (
			);
			name = "[CP] Embed Pods Frameworks";
			outputPaths = (
			);
			runOnlyForDeploymentPostprocessing = 0;
			shellPath = /bin/sh;
			shellScript = "\"${SRCROOT}/Pods/Target Support Files/Pods-FirebaseAdsPublisher/Pods-FirebaseAdsPublisher-frameworks.sh\"\n";
			showEnvVarsInLog = 0;
		};
		E0347723CFFA88FC7CB5A4DA /* [CP] Check Pods Manifest.lock */ = {
			isa = PBXShellScriptBuildPhase;
			buildActionMask = 2147483647;
			files = (
			);
			inputPaths = (
			);
			name = "[CP] Check Pods Manifest.lock";
			outputPaths = (
			);
			runOnlyForDeploymentPostprocessing = 0;
			shellPath = /bin/sh;
			shellScript = "diff \"${PODS_ROOT}/../Podfile.lock\" \"${PODS_ROOT}/Manifest.lock\" > /dev/null\nif [[ $? != 0 ]] ; then\n    cat << EOM\nerror: The sandbox is not in sync with the Podfile.lock. Run 'pod install' or update your CocoaPods installation.\nEOM\n    exit 1\nfi\n";
			showEnvVarsInLog = 0;
		};
		F4197936A9D4B2468D1FB742 /* [CP] Embed Pods Frameworks */ = {
			isa = PBXShellScriptBuildPhase;
			buildActionMask = 2147483647;
			files = (
			);
			inputPaths = (
			);
			name = "[CP] Embed Pods Frameworks";
			outputPaths = (
			);
			runOnlyForDeploymentPostprocessing = 0;
			shellPath = /bin/sh;
			shellScript = "\"${SRCROOT}/Pods/Target Support Files/Pods-FirebaseAdsSubscriber/Pods-FirebaseAdsSubscriber-frameworks.sh\"\n";
			showEnvVarsInLog = 0;
		};
/* End PBXShellScriptBuildPhase section */

/* Begin PBXSourcesBuildPhase section */
		E9B2A63A1D621A89006C533A /* Sources */ = {
			isa = PBXSourcesBuildPhase;
			buildActionMask = 2147483647;
			files = (
				22AF6CDE1D6368A900616327 /* CommonConstants.swift in Sources */,
				E935DC181D62496300A755ED /* MBProgressHUD.m in Sources */,
				E935DC441D624D9B00A755ED /* TextfieldCell.swift in Sources */,
				E935DC3B1D624D1400A755ED /* ResultsVC.swift in Sources */,
				E935DC391D624D1400A755ED /* HomeVC.swift in Sources */,
				E935DC491D624F1200A755ED /* FirebaseManager.swift in Sources */,
				E935DC3A1D624D1400A755ED /* OnlineUsersVC.swift in Sources */,
				22AF6D6D1D64B84F00616327 /* QuestionText.swift in Sources */,
				22ACA11E1D674162003BB2AE /* StringExtension.swift in Sources */,
				E935DC421D624D9B00A755ED /* Constants.swift in Sources */,
				E935DC4C1D625A6800A755ED /* ViewControllerExtension.swift in Sources */,
				E935DC431D624D9B00A755ED /* ChannelCell.swift in Sources */,
				E935DC381D624D1400A755ED /* AddQuestionVC.swift in Sources */,
				E9B2A6411D621A89006C533A /* AppDelegate.swift in Sources */,
			);
			runOnlyForDeploymentPostprocessing = 0;
		};
		E9B2A6501D621AAE006C533A /* Sources */ = {
			isa = PBXSourcesBuildPhase;
			buildActionMask = 2147483647;
			files = (
				E935DC1A1D624A9C00A755ED /* MBProgressHUD.m in Sources */,
				22AF6CD91D63625000616327 /* FirebaseManager.swift in Sources */,
				22ACA11F1D674162003BB2AE /* StringExtension.swift in Sources */,
				22AF6CD41D63622600616327 /* OverlayView.swift in Sources */,
				E9B2A6571D621AAE006C533A /* AppDelegate.swift in Sources */,
				22AF6CDF1D6368A900616327 /* CommonConstants.swift in Sources */,
				22AF6CD31D63622600616327 /* HomeVC.swift in Sources */,
				22AF6CC81D63601000616327 /* Constants.swift in Sources */,
				22AF6D6E1D64B84F00616327 /* QuestionText.swift in Sources */,
				22AF6CD21D63622600616327 /* ChannelVC.swift in Sources */,
			);
			runOnlyForDeploymentPostprocessing = 0;
		};
/* End PBXSourcesBuildPhase section */

/* Begin PBXVariantGroup section */
		E9B2A6441D621A89006C533A /* Main.storyboard */ = {
			isa = PBXVariantGroup;
			children = (
				E9B2A6451D621A89006C533A /* Base */,
			);
			name = Main.storyboard;
			sourceTree = "<group>";
		};
		E9B2A6491D621A89006C533A /* LaunchScreen.storyboard */ = {
			isa = PBXVariantGroup;
			children = (
				E9B2A64A1D621A89006C533A /* Base */,
			);
			name = LaunchScreen.storyboard;
			sourceTree = "<group>";
		};
		E9B2A65A1D621AAE006C533A /* Main.storyboard */ = {
			isa = PBXVariantGroup;
			children = (
				E9B2A65B1D621AAE006C533A /* Base */,
			);
			name = Main.storyboard;
			sourceTree = "<group>";
		};
		E9B2A65F1D621AAE006C533A /* LaunchScreen.storyboard */ = {
			isa = PBXVariantGroup;
			children = (
				E9B2A6601D621AAE006C533A /* Base */,
			);
			name = LaunchScreen.storyboard;
			sourceTree = "<group>";
		};
/* End PBXVariantGroup section */

/* Begin XCBuildConfiguration section */
		E9B2A6351D621A3D006C533A /* Debug */ = {
			isa = XCBuildConfiguration;
			buildSettings = {
				ALWAYS_SEARCH_USER_PATHS = NO;
				CLANG_ANALYZER_NONNULL = YES;
				CLANG_CXX_LANGUAGE_STANDARD = "gnu++0x";
				CLANG_CXX_LIBRARY = "libc++";
				CLANG_ENABLE_MODULES = YES;
				CLANG_ENABLE_OBJC_ARC = YES;
				CLANG_WARN_BOOL_CONVERSION = YES;
				CLANG_WARN_CONSTANT_CONVERSION = YES;
				CLANG_WARN_DIRECT_OBJC_ISA_USAGE = YES_ERROR;
				CLANG_WARN_EMPTY_BODY = YES;
				CLANG_WARN_ENUM_CONVERSION = YES;
				CLANG_WARN_INT_CONVERSION = YES;
				CLANG_WARN_OBJC_ROOT_CLASS = YES_ERROR;
				CLANG_WARN_UNREACHABLE_CODE = YES;
				CLANG_WARN__DUPLICATE_METHOD_MATCH = YES;
				"CODE_SIGN_IDENTITY[sdk=iphoneos*]" = "iPhone Developer";
				COPY_PHASE_STRIP = NO;
				DEBUG_INFORMATION_FORMAT = dwarf;
				ENABLE_STRICT_OBJC_MSGSEND = YES;
				ENABLE_TESTABILITY = YES;
				GCC_C_LANGUAGE_STANDARD = gnu99;
				GCC_DYNAMIC_NO_PIC = NO;
				GCC_NO_COMMON_BLOCKS = YES;
				GCC_OPTIMIZATION_LEVEL = 0;
				GCC_PREPROCESSOR_DEFINITIONS = (
					"DEBUG=1",
					"$(inherited)",
				);
				GCC_WARN_64_TO_32_BIT_CONVERSION = YES;
				GCC_WARN_ABOUT_RETURN_TYPE = YES_ERROR;
				GCC_WARN_UNDECLARED_SELECTOR = YES;
				GCC_WARN_UNINITIALIZED_AUTOS = YES_AGGRESSIVE;
				GCC_WARN_UNUSED_FUNCTION = YES;
				GCC_WARN_UNUSED_VARIABLE = YES;
				IPHONEOS_DEPLOYMENT_TARGET = 9.3;
				MTL_ENABLE_DEBUG_INFO = YES;
				ONLY_ACTIVE_ARCH = YES;
				SDKROOT = iphoneos;
				SWIFT_OPTIMIZATION_LEVEL = "-Onone";
			};
			name = Debug;
		};
		E9B2A6361D621A3D006C533A /* Release */ = {
			isa = XCBuildConfiguration;
			buildSettings = {
				ALWAYS_SEARCH_USER_PATHS = NO;
				CLANG_ANALYZER_NONNULL = YES;
				CLANG_CXX_LANGUAGE_STANDARD = "gnu++0x";
				CLANG_CXX_LIBRARY = "libc++";
				CLANG_ENABLE_MODULES = YES;
				CLANG_ENABLE_OBJC_ARC = YES;
				CLANG_WARN_BOOL_CONVERSION = YES;
				CLANG_WARN_CONSTANT_CONVERSION = YES;
				CLANG_WARN_DIRECT_OBJC_ISA_USAGE = YES_ERROR;
				CLANG_WARN_EMPTY_BODY = YES;
				CLANG_WARN_ENUM_CONVERSION = YES;
				CLANG_WARN_INT_CONVERSION = YES;
				CLANG_WARN_OBJC_ROOT_CLASS = YES_ERROR;
				CLANG_WARN_UNREACHABLE_CODE = YES;
				CLANG_WARN__DUPLICATE_METHOD_MATCH = YES;
				"CODE_SIGN_IDENTITY[sdk=iphoneos*]" = "iPhone Developer";
				COPY_PHASE_STRIP = NO;
				DEBUG_INFORMATION_FORMAT = "dwarf-with-dsym";
				ENABLE_NS_ASSERTIONS = NO;
				ENABLE_STRICT_OBJC_MSGSEND = YES;
				GCC_C_LANGUAGE_STANDARD = gnu99;
				GCC_NO_COMMON_BLOCKS = YES;
				GCC_WARN_64_TO_32_BIT_CONVERSION = YES;
				GCC_WARN_ABOUT_RETURN_TYPE = YES_ERROR;
				GCC_WARN_UNDECLARED_SELECTOR = YES;
				GCC_WARN_UNINITIALIZED_AUTOS = YES_AGGRESSIVE;
				GCC_WARN_UNUSED_FUNCTION = YES;
				GCC_WARN_UNUSED_VARIABLE = YES;
				IPHONEOS_DEPLOYMENT_TARGET = 9.3;
				MTL_ENABLE_DEBUG_INFO = NO;
				SDKROOT = iphoneos;
				VALIDATE_PRODUCT = YES;
			};
			name = Release;
		};
		E9B2A64E1D621A89006C533A /* Debug */ = {
			isa = XCBuildConfiguration;
			baseConfigurationReference = 461036EBF6CDC5C1A557AAEB /* Pods-FirebaseAdsPublisher.debug.xcconfig */;
			buildSettings = {
				ASSETCATALOG_COMPILER_APPICON_NAME = AppIcon;
				INFOPLIST_FILE = FirebaseAdsPublisher/Info.plist;
				IPHONEOS_DEPLOYMENT_TARGET = 9.0;
				LD_RUNPATH_SEARCH_PATHS = "$(inherited) @executable_path/Frameworks";
				PRODUCT_BUNDLE_IDENTIFIER = YMediaLabs.FirebaseAdsPublisher;
				PRODUCT_NAME = Publisher;
				SWIFT_OBJC_BRIDGING_HEADER = "$(SRCROOT)/Common/FirebasePubSub-Bridging.pch";
			};
			name = Debug;
		};
		E9B2A64F1D621A89006C533A /* Release */ = {
			isa = XCBuildConfiguration;
			baseConfigurationReference = FFDD100F09B4AD51850A4612 /* Pods-FirebaseAdsPublisher.release.xcconfig */;
			buildSettings = {
				ASSETCATALOG_COMPILER_APPICON_NAME = AppIcon;
				INFOPLIST_FILE = FirebaseAdsPublisher/Info.plist;
				IPHONEOS_DEPLOYMENT_TARGET = 9.0;
				LD_RUNPATH_SEARCH_PATHS = "$(inherited) @executable_path/Frameworks";
				PRODUCT_BUNDLE_IDENTIFIER = YMediaLabs.FirebaseAdsPublisher;
				PRODUCT_NAME = Publisher;
				SWIFT_OBJC_BRIDGING_HEADER = "$(SRCROOT)/Common/FirebasePubSub-Bridging.pch";
			};
			name = Release;
		};
		E9B2A6641D621AAE006C533A /* Debug */ = {
			isa = XCBuildConfiguration;
			baseConfigurationReference = 977BD12A17F686F2296ACE1E /* Pods-FirebaseAdsSubscriber.debug.xcconfig */;
			buildSettings = {
				ASSETCATALOG_COMPILER_APPICON_NAME = AppIcon;
				INFOPLIST_FILE = FirebaseAdsSubscriber/Info.plist;
				IPHONEOS_DEPLOYMENT_TARGET = 9.0;
				LD_RUNPATH_SEARCH_PATHS = "$(inherited) @executable_path/Frameworks";
				PRODUCT_BUNDLE_IDENTIFIER = YMediaLabs.FirebaseAdsSubscriber;
				PRODUCT_NAME = Subscriber;
				SWIFT_OBJC_BRIDGING_HEADER = "$(SRCROOT)/Common/FirebasePubSub-Bridging.pch";
			};
			name = Debug;
		};
		E9B2A6651D621AAE006C533A /* Release */ = {
			isa = XCBuildConfiguration;
			baseConfigurationReference = 93518EFE6B6D1DAB0E59A8DE /* Pods-FirebaseAdsSubscriber.release.xcconfig */;
			buildSettings = {
				ASSETCATALOG_COMPILER_APPICON_NAME = AppIcon;
				INFOPLIST_FILE = FirebaseAdsSubscriber/Info.plist;
				IPHONEOS_DEPLOYMENT_TARGET = 9.0;
				LD_RUNPATH_SEARCH_PATHS = "$(inherited) @executable_path/Frameworks";
				PRODUCT_BUNDLE_IDENTIFIER = YMediaLabs.FirebaseAdsSubscriber;
				PRODUCT_NAME = Subscriber;
				SWIFT_OBJC_BRIDGING_HEADER = "$(SRCROOT)/Common/FirebasePubSub-Bridging.pch";
			};
			name = Release;
		};
/* End XCBuildConfiguration section */

/* Begin XCConfigurationList section */
		E9B2A6201D621A3C006C533A /* Build configuration list for PBXProject "FirebasePubSub" */ = {
			isa = XCConfigurationList;
			buildConfigurations = (
				E9B2A6351D621A3D006C533A /* Debug */,
				E9B2A6361D621A3D006C533A /* Release */,
			);
			defaultConfigurationIsVisible = 0;
			defaultConfigurationName = Release;
		};
		E9B2A64D1D621A89006C533A /* Build configuration list for PBXNativeTarget "FirebaseAdsPublisher" */ = {
			isa = XCConfigurationList;
			buildConfigurations = (
				E9B2A64E1D621A89006C533A /* Debug */,
				E9B2A64F1D621A89006C533A /* Release */,
			);
			defaultConfigurationIsVisible = 0;
			defaultConfigurationName = Release;
		};
		E9B2A6631D621AAE006C533A /* Build configuration list for PBXNativeTarget "FirebaseAdsSubscriber" */ = {
			isa = XCConfigurationList;
			buildConfigurations = (
				E9B2A6641D621AAE006C533A /* Debug */,
				E9B2A6651D621AAE006C533A /* Release */,
			);
			defaultConfigurationIsVisible = 0;
			defaultConfigurationName = Release;
		};
/* End XCConfigurationList section */
	};
	rootObject = E9B2A61D1D621A3C006C533A /* Project object */;
}
